{
  "version": 4,
  "terraform_version": "1.5.7",
  "serial": 13,
  "lineage": "6c81a4b5-d6a0-53b8-5dcb-d636a86fecb1",
  "outputs": {
    "VM-Details": {
      "value": {
        "vm_name": "devops-learning-test-10march"
      },
      "type": [
        "object",
        {
          "vm_name": "string"
        }
      ]
    }
  },
  "resources": [
    {
      "module": "module.Jenkins-VM",
      "mode": "managed",
      "type": "google_compute_instance",
      "name": "vm",
      "provider": "provider[\"registry.terraform.io/hashicorp/google\"]",
      "instances": [
        {
          "schema_version": 6,
          "attributes": {
            "advanced_machine_features": [],
            "allow_stopping_for_update": null,
            "attached_disk": [],
            "boot_disk": [
              {
                "auto_delete": true,
                "device_name": "persistent-disk-0",
                "disk_encryption_key_raw": "",
                "disk_encryption_key_sha256": "",
                "initialize_params": [
                  {
                    "enable_confidential_compute": false,
                    "image": "https://www.googleapis.com/compute/v1/projects/debian-cloud/global/images/debian-11-bullseye-v20250212",
                    "labels": {},
                    "provisioned_iops": 0,
                    "provisioned_throughput": 0,
                    "resource_manager_tags": null,
                    "resource_policies": [],
                    "size": 10,
                    "storage_pool": "",
                    "type": "pd-standard"
                  }
                ],
                "interface": "",
                "kms_key_self_link": "",
                "mode": "READ_WRITE",
                "source": "https://www.googleapis.com/compute/v1/projects/sumit-project-05032025/zones/africa-south1-a/disks/devops-learning-test-10march"
              }
            ],
            "can_ip_forward": false,
            "confidential_instance_config": [],
            "cpu_platform": "AMD Rome",
            "creation_timestamp": "2025-03-10T03:00:46.788-07:00",
            "current_status": "RUNNING",
            "deletion_protection": false,
            "description": "",
            "desired_status": null,
            "effective_labels": {
              "goog-terraform-provisioned": "true"
            },
            "enable_display": false,
            "guest_accelerator": [],
            "hostname": "",
            "id": "projects/sumit-project-05032025/zones/africa-south1-a/instances/devops-learning-test-10march",
            "instance_id": "7080604373430240929",
            "key_revocation_action_type": "",
            "label_fingerprint": "vezUS-42LLM=",
            "labels": null,
            "machine_type": "e2-medium",
            "metadata": null,
            "metadata_fingerprint": "bPk2-5hc3mI=",
            "metadata_startup_script": "        # Update the package list\n        sudo apt update\n\n        # Install dependencies\n        sudo apt install -y apt-transport-https ca-certificates curl software-properties-common gnupg\n\n        # Jenkins Installation\n        echo \"Installing Jenkins...\"\n        wget -q -O - https://pkg.jenkins.io/jenkins.io.key | sudo apt-key add -\n        sudo sh -c 'echo deb http://pkg.jenkins.io/debian/ stable main \u003e /etc/apt/sources.list.d/jenkins.list'\n        sudo apt update\n        sudo apt install -y jenkins\n        sudo systemctl start jenkins\n        sudo systemctl enable jenkins\n        echo \"Jenkins installed and started.\"\n\n        # Terraform Installation\n        echo \"Installing Terraform...\"\n        sudo apt-get install -y wget unzip\n        wget https://releases.hashicorp.com/terraform/1.6.0/terraform_1.6.0_linux_amd64.zip\n        unzip terraform_1.6.0_linux_amd64.zip\n        sudo mv terraform /usr/local/bin/\n        terraform --version\n        echo \"Terraform installed.\"\n\n        # Packer Installation\n        echo \"Installing Packer...\"\n        wget https://releases.hashicorp.com/packer/1.8.0/packer_1.8.0_linux_amd64.zip\n        unzip packer_1.8.0_linux_amd64.zip\n        sudo mv packer /usr/local/bin/\n        packer --version\n        echo \"Packer installed.\"\n\n        # Ansible Installation\n        echo \"Installing Ansible...\"\n        sudo apt install -y ansible\n        ansible --version\n        echo \"Ansible installed.\"\n\n        # Git Installation\n        echo \"Installing Git...\"\n        sudo apt install -y git\n        git --version\n        echo \"Git installed.\"\n\n        # Docker Installation\n        echo \"Installing Docker...\"\n        sudo apt install -y docker.io\n        sudo systemctl start docker\n        sudo systemctl enable docker\n        docker --version\n        echo \"Docker installed.\"\n\n        # SDKMAN Installation (for managing multiple SDKs like Java, Groovy, etc.)\n        echo \"Installing SDKMAN...\"\n        curl -s \"https://get.sdkman.io\" | bash\n        source \"$HOME/.sdkman/bin/sdkman-init.sh\"\n        echo \"SDKMAN installed.\"\n\n        # Install SDK tools (Example: Java)\n        echo \"Installing Java SDK...\"\n        sdk install java 21-open\n        echo \"Java SDK installed.\"\n\n        # Clean Up\n        echo \"Cleaning up...\"\n        sudo apt autoremove -y\n        echo \"Script completed.\"\n\n",
            "min_cpu_platform": "",
            "name": "devops-learning-test-10march",
            "network_interface": [
              {
                "access_config": [
                  {
                    "nat_ip": "34.35.12.2",
                    "network_tier": "PREMIUM",
                    "public_ptr_domain_name": ""
                  }
                ],
                "alias_ip_range": [],
                "internal_ipv6_prefix_length": 0,
                "ipv6_access_config": [],
                "ipv6_access_type": "",
                "ipv6_address": "",
                "name": "nic0",
                "network": "https://www.googleapis.com/compute/v1/projects/sumit-project-05032025/global/networks/vpc-learning-test-001",
                "network_attachment": "",
                "network_ip": "10.10.10.5",
                "nic_type": "",
                "queue_count": 0,
                "stack_type": "IPV4_ONLY",
                "subnetwork": "https://www.googleapis.com/compute/v1/projects/sumit-project-05032025/regions/africa-south1/subnetworks/subnet-learning-test-africa-south1-public-001",
                "subnetwork_project": "sumit-project-05032025"
              }
            ],
            "network_performance_config": [],
            "params": [],
            "project": "sumit-project-05032025",
            "reservation_affinity": [],
            "resource_policies": null,
            "scheduling": [
              {
                "automatic_restart": true,
                "availability_domain": 0,
                "instance_termination_action": "",
                "local_ssd_recovery_timeout": [],
                "max_run_duration": [],
                "min_node_cpus": 0,
                "node_affinities": [],
                "on_host_maintenance": "MIGRATE",
                "on_instance_stop_action": [],
                "preemptible": false,
                "provisioning_model": "STANDARD"
              }
            ],
            "scratch_disk": [],
            "self_link": "https://www.googleapis.com/compute/v1/projects/sumit-project-05032025/zones/africa-south1-a/instances/devops-learning-test-10march",
            "service_account": [],
            "shielded_instance_config": [
              {
                "enable_integrity_monitoring": true,
                "enable_secure_boot": false,
                "enable_vtpm": true
              }
            ],
            "tags": null,
            "tags_fingerprint": "42WmSpB8rSM=",
            "terraform_labels": {
              "goog-terraform-provisioned": "true"
            },
            "timeouts": null,
            "zone": "africa-south1-a"
          },
          "sensitive_attributes": [],
          "private": "eyJlMmJmYjczMC1lY2FhLTExZTYtOGY4OC0zNDM2M2JjN2M0YzAiOnsiY3JlYXRlIjoxMjAwMDAwMDAwMDAwLCJkZWxldGUiOjEyMDAwMDAwMDAwMDAsInVwZGF0ZSI6MTIwMDAwMDAwMDAwMH0sInNjaGVtYV92ZXJzaW9uIjoiNiJ9"
        }
      ]
    }
  ],
  "check_results": null
}
