{
  "version": 4,
  "terraform_version": "1.5.7",
  "serial": 8,
  "lineage": "312ae47b-67b8-f5bf-8987-21ac0e7d2735",
  "outputs": {},
  "resources": [
    {
      "module": "module.IAP-Desktop",
      "mode": "managed",
      "type": "google_compute_firewall",
      "name": "firewall_rule",
      "provider": "provider[\"registry.terraform.io/hashicorp/google\"]",
      "instances": [
        {
          "index_key": "rule1",
          "schema_version": 1,
          "attributes": {
            "allow": [
              {
                "ports": [
                  "22"
                ],
                "protocol": "tcp"
              }
            ],
            "creation_timestamp": "2025-03-06T21:20:02.595-08:00",
            "deny": [],
            "description": "",
            "destination_ranges": [],
            "direction": "INGRESS",
            "disabled": false,
            "enable_logging": null,
            "id": "projects/sumit-project-05032025/global/firewalls/jenkins-allow-ssh",
            "log_config": [],
            "name": "jenkins-allow-ssh",
            "network": "https://www.googleapis.com/compute/v1/projects/sumit-project-05032025/global/networks/vpc-learning-test-001",
            "priority": 1000,
            "project": "sumit-project-05032025",
            "self_link": "https://www.googleapis.com/compute/v1/projects/sumit-project-05032025/global/firewalls/jenkins-allow-ssh",
            "source_ranges": [
              "35.235.240.0/20"
            ],
            "source_service_accounts": null,
            "source_tags": null,
            "target_service_accounts": null,
            "target_tags": null,
            "timeouts": null
          },
          "sensitive_attributes": [],
          "private": "eyJlMmJmYjczMC1lY2FhLTExZTYtOGY4OC0zNDM2M2JjN2M0YzAiOnsiY3JlYXRlIjoxMjAwMDAwMDAwMDAwLCJkZWxldGUiOjEyMDAwMDAwMDAwMDAsInVwZGF0ZSI6MTIwMDAwMDAwMDAwMH0sInNjaGVtYV92ZXJzaW9uIjoiMSJ9"
        }
      ]
    }
  ],
  "check_results": null
}
