{
  "version": 4,
  "terraform_version": "1.5.7",
  "serial": 3,
  "lineage": "7ace30c8-2be7-d71a-2091-2d066a411026",
  "outputs": {
    "vm-details": {
      "value": {
        "sumit-jenkins-master-vm": {
          "vm_name": "sumit-jenkins-master-vm"
        },
        "sumit-jenkins-slave-vm": {
          "vm_name": "sumit-jenkins-slave-vm"
        }
      },
      "type": [
        "object",
        {
          "sumit-jenkins-master-vm": [
            "object",
            {
              "vm_name": "string"
            }
          ],
          "sumit-jenkins-slave-vm": [
            "object",
            {
              "vm_name": "string"
            }
          ]
        }
      ]
    }
  },
  "resources": [
    {
      "module": "module.vm[\"sumit-jenkins-slave-vm\"]",
      "mode": "managed",
      "type": "google_compute_instance",
      "name": "vm",
      "provider": "provider[\"registry.terraform.io/hashicorp/google\"]",
      "instances": [
        {
          "schema_version": 6,
          "attributes": {
            "advanced_machine_features": [],
            "allow_stopping_for_update": null,
            "attached_disk": [],
            "boot_disk": [
              {
                "auto_delete": true,
                "device_name": "persistent-disk-0",
                "disk_encryption_key_raw": "",
                "disk_encryption_key_sha256": "",
                "initialize_params": [
                  {
                    "enable_confidential_compute": false,
                    "image": "https://www.googleapis.com/compute/v1/projects/debian-cloud/global/images/debian-11-bullseye-v20250114",
                    "labels": {},
                    "provisioned_iops": 0,
                    "provisioned_throughput": 0,
                    "resource_manager_tags": null,
                    "resource_policies": [],
                    "size": 10,
                    "storage_pool": "",
                    "type": "pd-standard"
                  }
                ],
                "interface": "",
                "kms_key_self_link": "",
                "mode": "READ_WRITE",
                "source": "https://www.googleapis.com/compute/v1/projects/shyamkprj/zones/northamerica-northeast1-a/disks/sumit-jenkins-slave-vm"
              }
            ],
            "can_ip_forward": false,
            "confidential_instance_config": [],
            "cpu_platform": "Intel Broadwell",
            "creation_timestamp": "2025-01-15T23:48:50.876-08:00",
            "current_status": "RUNNING",
            "deletion_protection": false,
            "description": "",
            "desired_status": null,
            "effective_labels": {
              "goog-terraform-provisioned": "true"
            },
            "enable_display": false,
            "guest_accelerator": [],
            "hostname": "",
            "id": "projects/shyamkprj/zones/northamerica-northeast1-a/instances/sumit-jenkins-slave-vm",
            "instance_id": "1164584023253911309",
            "key_revocation_action_type": "",
            "label_fingerprint": "vezUS-42LLM=",
            "labels": null,
            "machine_type": "e2-medium",
            "metadata": null,
            "metadata_fingerprint": "DTpDCl9PspM=",
            "metadata_startup_script": "            #!/bin/bash\n            sudo apt update\n            sudo apt install -y openjdk-11-jdk\n",
            "min_cpu_platform": "",
            "name": "sumit-jenkins-slave-vm",
            "network_interface": [
              {
                "access_config": [
                  {
                    "nat_ip": "34.118.161.38",
                    "network_tier": "PREMIUM",
                    "public_ptr_domain_name": ""
                  }
                ],
                "alias_ip_range": [],
                "internal_ipv6_prefix_length": 0,
                "ipv6_access_config": [],
                "ipv6_access_type": "",
                "ipv6_address": "",
                "name": "nic0",
                "network": "https://www.googleapis.com/compute/v1/projects/shyamkprj/global/networks/jenkins-test-vpc",
                "network_ip": "10.0.3.5",
                "nic_type": "",
                "queue_count": 0,
                "stack_type": "IPV4_ONLY",
                "subnetwork": "https://www.googleapis.com/compute/v1/projects/shyamkprj/regions/northamerica-northeast1/subnetworks/jenkins-test-subnetwork",
                "subnetwork_project": "shyamkprj"
              }
            ],
            "network_performance_config": [],
            "params": [],
            "project": "shyamkprj",
            "reservation_affinity": [],
            "resource_policies": null,
            "scheduling": [
              {
                "automatic_restart": true,
                "availability_domain": 0,
                "instance_termination_action": "",
                "local_ssd_recovery_timeout": [],
                "max_run_duration": [],
                "min_node_cpus": 0,
                "node_affinities": [],
                "on_host_maintenance": "MIGRATE",
                "on_instance_stop_action": [],
                "preemptible": false,
                "provisioning_model": "STANDARD"
              }
            ],
            "scratch_disk": [],
            "self_link": "https://www.googleapis.com/compute/v1/projects/shyamkprj/zones/northamerica-northeast1-a/instances/sumit-jenkins-slave-vm",
            "service_account": [],
            "shielded_instance_config": [
              {
                "enable_integrity_monitoring": true,
                "enable_secure_boot": false,
                "enable_vtpm": true
              }
            ],
            "tags": null,
            "tags_fingerprint": "42WmSpB8rSM=",
            "terraform_labels": {
              "goog-terraform-provisioned": "true"
            },
            "timeouts": null,
            "zone": "northamerica-northeast1-a"
          },
          "sensitive_attributes": [],
          "private": "eyJlMmJmYjczMC1lY2FhLTExZTYtOGY4OC0zNDM2M2JjN2M0YzAiOnsiY3JlYXRlIjoxMjAwMDAwMDAwMDAwLCJkZWxldGUiOjEyMDAwMDAwMDAwMDAsInVwZGF0ZSI6MTIwMDAwMDAwMDAwMH0sInNjaGVtYV92ZXJzaW9uIjoiNiJ9"
        }
      ]
    }
  ],
  "check_results": null
}
